<?xml version="1.0" encoding="utf-8"?>
<Project ToolsVersion="4.0" xmlns="http://schemas.microsoft.com/developer/msbuild/2003">
  <ItemGroup>
    <ClCompile Include="..\..\src\jagrgx.cxx" />
    <ClCompile Include="..\..\src\jagtools.cxx" />
    <ClCompile Include="..\..\src\jagget.cxx" />
    <ClCompile Include="..\..\src\jagmain.cxx" />
    <ClCompile Include="..\..\src\jagwin.cxx" />
    <ClCompile Include="..\..\src\jag.cxx" />
  </ItemGroup>
  <ItemGroup>
    <ClInclude Include="..\..\include\directorylisting.h">
      <Filter>include</Filter>
    </ClInclude>
    <ClInclude Include="..\..\include\elements.h">
      <Filter>include</Filter>
    </ClInclude>
    <ClInclude Include="..\..\include\jag.h">
      <Filter>include</Filter>
    </ClInclude>
    <ClInclude Include="..\..\include\lispe.h">
      <Filter>include</Filter>
    </ClInclude>
    <ClInclude Include="..\..\include\rgx.h">
      <Filter>include</Filter>
    </ClInclude>
    <ClInclude Include="..\..\include\segmentation.h">
      <Filter>include</Filter>
    </ClInclude>
    <ClInclude Include="..\..\include\tools.h">
      <Filter>include</Filter>
    </ClInclude>
    <ClInclude Include="..\..\include\vecte.h">
      <Filter>include</Filter>
    </ClInclude>
    <ClInclude Include="..\..\include\jagget.h">
      <Filter>include</Filter>
    </ClInclude>
    <ClInclude Include="..\..\include\jagrgx.h">
      <Filter>include</Filter>
    </ClInclude>
  </ItemGroup>
  <ItemGroup>
    <Filter Include="include">
      <UniqueIdentifier>{18b5865e-c45d-4636-8399-f4f254d72d65}</UniqueIdentifier>
    </Filter>
  </ItemGroup>
</Project>